// !$*UTF8*$!
{
	archiveVersion = 1;
	classes = {
	};
	objectVersion = 50;
	objects = {

/* Begin PBXBuildFile section */
		AA34AE1C2485803400B8CD53 /* Character.swift in Sources */ = {isa = PBXBuildFile; fileRef = AA34AE1B2485803400B8CD53 /* Character.swift */; };
		AA34AE1E2485866E00B8CD53 /* Item.swift in Sources */ = {isa = PBXBuildFile; fileRef = AA34AE1D2485866E00B8CD53 /* Item.swift */; };
		AA34AE202485884700B8CD53 /* Season.swift in Sources */ = {isa = PBXBuildFile; fileRef = AA34AE1F2485884700B8CD53 /* Season.swift */; };
		AA34AE222485889B00B8CD53 /* Gear.swift in Sources */ = {isa = PBXBuildFile; fileRef = AA34AE212485889B00B8CD53 /* Gear.swift */; };
		AA34AE24248588BD00B8CD53 /* Corruption.swift in Sources */ = {isa = PBXBuildFile; fileRef = AA34AE23248588BD00B8CD53 /* Corruption.swift */; };
		AA34AE2624858DEB00B8CD53 /* Rank.swift in Sources */ = {isa = PBXBuildFile; fileRef = AA34AE2524858DEB00B8CD53 /* Rank.swift */; };
		AA3907022486905700AA3E5B /* Webservice.swift in Sources */ = {isa = PBXBuildFile; fileRef = AA3907012486905700AA3E5B /* Webservice.swift */; };
		AA39070424869C6600AA3E5B /* CharacterVM.swift in Sources */ = {isa = PBXBuildFile; fileRef = AA39070324869C6600AA3E5B /* CharacterVM.swift */; };
		AA39070624869C7700AA3E5B /* CharacterView.swift in Sources */ = {isa = PBXBuildFile; fileRef = AA39070524869C7700AA3E5B /* CharacterView.swift */; };
		AA3907082486A46400AA3E5B /* ImageLoader.swift in Sources */ = {isa = PBXBuildFile; fileRef = AA3907072486A46400AA3E5B /* ImageLoader.swift */; };
		AA39070A2486A4C100AA3E5B /* ImageView.swift in Sources */ = {isa = PBXBuildFile; fileRef = AA3907092486A4C100AA3E5B /* ImageView.swift */; };
		AA39070C2487EC1000AA3E5B /* Guild.swift in Sources */ = {isa = PBXBuildFile; fileRef = AA39070B2487EC1000AA3E5B /* Guild.swift */; };
		AA39070E2487F69100AA3E5B /* Enums.swift in Sources */ = {isa = PBXBuildFile; fileRef = AA39070D2487F69100AA3E5B /* Enums.swift */; };
		AA4A1D402483F91F003A1AB6 /* AppDelegate.swift in Sources */ = {isa = PBXBuildFile; fileRef = AA4A1D3F2483F91F003A1AB6 /* AppDelegate.swift */; };
		AA4A1D422483F91F003A1AB6 /* SceneDelegate.swift in Sources */ = {isa = PBXBuildFile; fileRef = AA4A1D412483F91F003A1AB6 /* SceneDelegate.swift */; };
		AA4A1D442483F91F003A1AB6 /* ContentView.swift in Sources */ = {isa = PBXBuildFile; fileRef = AA4A1D432483F91F003A1AB6 /* ContentView.swift */; };
		AA4A1D462483F924003A1AB6 /* Assets.xcassets in Resources */ = {isa = PBXBuildFile; fileRef = AA4A1D452483F924003A1AB6 /* Assets.xcassets */; };
		AA4A1D492483F924003A1AB6 /* Preview Assets.xcassets in Resources */ = {isa = PBXBuildFile; fileRef = AA4A1D482483F924003A1AB6 /* Preview Assets.xcassets */; };
		AA4A1D4C2483F924003A1AB6 /* LaunchScreen.storyboard in Resources */ = {isa = PBXBuildFile; fileRef = AA4A1D4A2483F924003A1AB6 /* LaunchScreen.storyboard */; };
		AA4A1D572483F924003A1AB6 /* IO_CheckTests.swift in Sources */ = {isa = PBXBuildFile; fileRef = AA4A1D562483F924003A1AB6 /* IO_CheckTests.swift */; };
		AA4A1D622483F924003A1AB6 /* IO_CheckUITests.swift in Sources */ = {isa = PBXBuildFile; fileRef = AA4A1D612483F924003A1AB6 /* IO_CheckUITests.swift */; };
/* End PBXBuildFile section */

/* Begin PBXContainerItemProxy section */
		AA4A1D532483F924003A1AB6 /* PBXContainerItemProxy */ = {
			isa = PBXContainerItemProxy;
			containerPortal = AA4A1D342483F91F003A1AB6 /* Project object */;
			proxyType = 1;
			remoteGlobalIDString = AA4A1D3B2483F91F003A1AB6;
			remoteInfo = "IO Check";
		};
		AA4A1D5E2483F924003A1AB6 /* PBXContainerItemProxy */ = {
			isa = PBXContainerItemProxy;
			containerPortal = AA4A1D342483F91F003A1AB6 /* Project object */;
			proxyType = 1;
			remoteGlobalIDString = AA4A1D3B2483F91F003A1AB6;
			remoteInfo = "IO Check";
		};
/* End PBXContainerItemProxy section */

/* Begin PBXFileReference section */
		AA34AE1B2485803400B8CD53 /* Character.swift */ = {isa = PBXFileReference; lastKnownFileType = sourcecode.swift; path = Character.swift; sourceTree = "<group>"; };
		AA34AE1D2485866E00B8CD53 /* Item.swift */ = {isa = PBXFileReference; lastKnownFileType = sourcecode.swift; path = Item.swift; sourceTree = "<group>"; };
		AA34AE1F2485884700B8CD53 /* Season.swift */ = {isa = PBXFileReference; lastKnownFileType = sourcecode.swift; path = Season.swift; sourceTree = "<group>"; };
		AA34AE212485889B00B8CD53 /* Gear.swift */ = {isa = PBXFileReference; lastKnownFileType = sourcecode.swift; path = Gear.swift; sourceTree = "<group>"; };
		AA34AE23248588BD00B8CD53 /* Corruption.swift */ = {isa = PBXFileReference; lastKnownFileType = sourcecode.swift; path = Corruption.swift; sourceTree = "<group>"; };
		AA34AE2524858DEB00B8CD53 /* Rank.swift */ = {isa = PBXFileReference; lastKnownFileType = sourcecode.swift; path = Rank.swift; sourceTree = "<group>"; };
		AA3907012486905700AA3E5B /* Webservice.swift */ = {isa = PBXFileReference; lastKnownFileType = sourcecode.swift; path = Webservice.swift; sourceTree = "<group>"; };
		AA39070324869C6600AA3E5B /* CharacterVM.swift */ = {isa = PBXFileReference; lastKnownFileType = sourcecode.swift; path = CharacterVM.swift; sourceTree = "<group>"; };
		AA39070524869C7700AA3E5B /* CharacterView.swift */ = {isa = PBXFileReference; lastKnownFileType = sourcecode.swift; path = CharacterView.swift; sourceTree = "<group>"; };
		AA3907072486A46400AA3E5B /* ImageLoader.swift */ = {isa = PBXFileReference; lastKnownFileType = sourcecode.swift; path = ImageLoader.swift; sourceTree = "<group>"; };
		AA3907092486A4C100AA3E5B /* ImageView.swift */ = {isa = PBXFileReference; lastKnownFileType = sourcecode.swift; path = ImageView.swift; sourceTree = "<group>"; };
		AA39070B2487EC1000AA3E5B /* Guild.swift */ = {isa = PBXFileReference; lastKnownFileType = sourcecode.swift; path = Guild.swift; sourceTree = "<group>"; };
		AA39070D2487F69100AA3E5B /* Enums.swift */ = {isa = PBXFileReference; lastKnownFileType = sourcecode.swift; path = Enums.swift; sourceTree = "<group>"; };
		AA4A1D3C2483F91F003A1AB6 /* IO Check.app */ = {isa = PBXFileReference; explicitFileType = wrapper.application; includeInIndex = 0; path = "IO Check.app"; sourceTree = BUILT_PRODUCTS_DIR; };
		AA4A1D3F2483F91F003A1AB6 /* AppDelegate.swift */ = {isa = PBXFileReference; lastKnownFileType = sourcecode.swift; path = AppDelegate.swift; sourceTree = "<group>"; };
		AA4A1D412483F91F003A1AB6 /* SceneDelegate.swift */ = {isa = PBXFileReference; lastKnownFileType = sourcecode.swift; path = SceneDelegate.swift; sourceTree = "<group>"; };
		AA4A1D432483F91F003A1AB6 /* ContentView.swift */ = {isa = PBXFileReference; lastKnownFileType = sourcecode.swift; path = ContentView.swift; sourceTree = "<group>"; };
		AA4A1D452483F924003A1AB6 /* Assets.xcassets */ = {isa = PBXFileReference; lastKnownFileType = folder.assetcatalog; path = Assets.xcassets; sourceTree = "<group>"; };
		AA4A1D482483F924003A1AB6 /* Preview Assets.xcassets */ = {isa = PBXFileReference; lastKnownFileType = folder.assetcatalog; path = "Preview Assets.xcassets"; sourceTree = "<group>"; };
		AA4A1D4B2483F924003A1AB6 /* Base */ = {isa = PBXFileReference; lastKnownFileType = file.storyboard; name = Base; path = Base.lproj/LaunchScreen.storyboard; sourceTree = "<group>"; };
		AA4A1D4D2483F924003A1AB6 /* Info.plist */ = {isa = PBXFileReference; lastKnownFileType = text.plist.xml; path = Info.plist; sourceTree = "<group>"; };
		AA4A1D522483F924003A1AB6 /* IO CheckTests.xctest */ = {isa = PBXFileReference; explicitFileType = wrapper.cfbundle; includeInIndex = 0; path = "IO CheckTests.xctest"; sourceTree = BUILT_PRODUCTS_DIR; };
		AA4A1D562483F924003A1AB6 /* IO_CheckTests.swift */ = {isa = PBXFileReference; lastKnownFileType = sourcecode.swift; path = IO_CheckTests.swift; sourceTree = "<group>"; };
		AA4A1D582483F924003A1AB6 /* Info.plist */ = {isa = PBXFileReference; lastKnownFileType = text.plist.xml; path = Info.plist; sourceTree = "<group>"; };
		AA4A1D5D2483F924003A1AB6 /* IO CheckUITests.xctest */ = {isa = PBXFileReference; explicitFileType = wrapper.cfbundle; includeInIndex = 0; path = "IO CheckUITests.xctest"; sourceTree = BUILT_PRODUCTS_DIR; };
		AA4A1D612483F924003A1AB6 /* IO_CheckUITests.swift */ = {isa = PBXFileReference; lastKnownFileType = sourcecode.swift; path = IO_CheckUITests.swift; sourceTree = "<group>"; };
		AA4A1D632483F924003A1AB6 /* Info.plist */ = {isa = PBXFileReference; lastKnownFileType = text.plist.xml; path = Info.plist; sourceTree = "<group>"; };
/* End PBXFileReference section */

/* Begin PBXFrameworksBuildPhase section */
		AA4A1D392483F91F003A1AB6 /* Frameworks */ = {
			isa = PBXFrameworksBuildPhase;
			buildActionMask = 2147483647;
			files = (
			);
			runOnlyForDeploymentPostprocessing = 0;
		};
		AA4A1D4F2483F924003A1AB6 /* Frameworks */ = {
			isa = PBXFrameworksBuildPhase;
			buildActionMask = 2147483647;
			files = (
			);
			runOnlyForDeploymentPostprocessing = 0;
		};
		AA4A1D5A2483F924003A1AB6 /* Frameworks */ = {
			isa = PBXFrameworksBuildPhase;
			buildActionMask = 2147483647;
			files = (
			);
			runOnlyForDeploymentPostprocessing = 0;
		};
/* End PBXFrameworksBuildPhase section */

/* Begin PBXGroup section */
		AA34AE1824857FA600B8CD53 /* Views */ = {
			isa = PBXGroup;
			children = (
				AA39070524869C7700AA3E5B /* CharacterView.swift */,
				AA3907092486A4C100AA3E5B /* ImageView.swift */,
			);
			path = Views;
			sourceTree = "<group>";
		};
		AA34AE1924857FB500B8CD53 /* Models */ = {
			isa = PBXGroup;
			children = (
				AA34AE1B2485803400B8CD53 /* Character.swift */,
				AA34AE1F2485884700B8CD53 /* Season.swift */,
				AA34AE2524858DEB00B8CD53 /* Rank.swift */,
				AA34AE212485889B00B8CD53 /* Gear.swift */,
				AA34AE1D2485866E00B8CD53 /* Item.swift */,
				AA34AE23248588BD00B8CD53 /* Corruption.swift */,
				AA39070B2487EC1000AA3E5B /* Guild.swift */,
				AA39070D2487F69100AA3E5B /* Enums.swift */,
			);
			path = Models;
			sourceTree = "<group>";
		};
		AA34AE1A24857FBF00B8CD53 /* ViewModels */ = {
			isa = PBXGroup;
			children = (
				AA39070324869C6600AA3E5B /* CharacterVM.swift */,
			);
			path = ViewModels;
			sourceTree = "<group>";
		};
		AA3907002486903A00AA3E5B /* Services */ = {
			isa = PBXGroup;
			children = (
				AA3907012486905700AA3E5B /* Webservice.swift */,
				AA3907072486A46400AA3E5B /* ImageLoader.swift */,
			);
			path = Services;
			sourceTree = "<group>";
		};
		AA4A1D332483F91F003A1AB6 = {
			isa = PBXGroup;
			children = (
				AA4A1D3E2483F91F003A1AB6 /* IO Check */,
				AA4A1D552483F924003A1AB6 /* IO CheckTests */,
				AA4A1D602483F924003A1AB6 /* IO CheckUITests */,
				AA4A1D3D2483F91F003A1AB6 /* Products */,
			);
			sourceTree = "<group>";
		};
		AA4A1D3D2483F91F003A1AB6 /* Products */ = {
			isa = PBXGroup;
			children = (
				AA4A1D3C2483F91F003A1AB6 /* IO Check.app */,
				AA4A1D522483F924003A1AB6 /* IO CheckTests.xctest */,
				AA4A1D5D2483F924003A1AB6 /* IO CheckUITests.xctest */,
			);
			name = Products;
			sourceTree = "<group>";
		};
		AA4A1D3E2483F91F003A1AB6 /* IO Check */ = {
			isa = PBXGroup;
			children = (
				AA3907002486903A00AA3E5B /* Services */,
				AA34AE1A24857FBF00B8CD53 /* ViewModels */,
				AA34AE1924857FB500B8CD53 /* Models */,
				AA34AE1824857FA600B8CD53 /* Views */,
				AA4A1D3F2483F91F003A1AB6 /* AppDelegate.swift */,
				AA4A1D412483F91F003A1AB6 /* SceneDelegate.swift */,
				AA4A1D432483F91F003A1AB6 /* ContentView.swift */,
				AA4A1D452483F924003A1AB6 /* Assets.xcassets */,
				AA4A1D4A2483F924003A1AB6 /* LaunchScreen.storyboard */,
				AA4A1D4D2483F924003A1AB6 /* Info.plist */,
				AA4A1D472483F924003A1AB6 /* Preview Content */,
			);
			path = "IO Check";
			sourceTree = "<group>";
		};
		AA4A1D472483F924003A1AB6 /* Preview Content */ = {
			isa = PBXGroup;
			children = (
				AA4A1D482483F924003A1AB6 /* Preview Assets.xcassets */,
			);
			path = "Preview Content";
			sourceTree = "<group>";
		};
		AA4A1D552483F924003A1AB6 /* IO CheckTests */ = {
			isa = PBXGroup;
			children = (
				AA4A1D562483F924003A1AB6 /* IO_CheckTests.swift */,
				AA4A1D582483F924003A1AB6 /* Info.plist */,
			);
			path = "IO CheckTests";
			sourceTree = "<group>";
		};
		AA4A1D602483F924003A1AB6 /* IO CheckUITests */ = {
			isa = PBXGroup;
			children = (
				AA4A1D612483F924003A1AB6 /* IO_CheckUITests.swift */,
				AA4A1D632483F924003A1AB6 /* Info.plist */,
			);
			path = "IO CheckUITests";
			sourceTree = "<group>";
		};
/* End PBXGroup section */

/* Begin PBXNativeTarget section */
		AA4A1D3B2483F91F003A1AB6 /* IO Check */ = {
			isa = PBXNativeTarget;
			buildConfigurationList = AA4A1D662483F924003A1AB6 /* Build configuration list for PBXNativeTarget "IO Check" */;
			buildPhases = (
				AA4A1D382483F91F003A1AB6 /* Sources */,
				AA4A1D392483F91F003A1AB6 /* Frameworks */,
				AA4A1D3A2483F91F003A1AB6 /* Resources */,
			);
			buildRules = (
			);
			dependencies = (
			);
			name = "IO Check";
			productName = "IO Check";
			productReference = AA4A1D3C2483F91F003A1AB6 /* IO Check.app */;
			productType = "com.apple.product-type.application";
		};
		AA4A1D512483F924003A1AB6 /* IO CheckTests */ = {
			isa = PBXNativeTarget;
			buildConfigurationList = AA4A1D692483F924003A1AB6 /* Build configuration list for PBXNativeTarget "IO CheckTests" */;
			buildPhases = (
				AA4A1D4E2483F924003A1AB6 /* Sources */,
				AA4A1D4F2483F924003A1AB6 /* Frameworks */,
				AA4A1D502483F924003A1AB6 /* Resources */,
			);
			buildRules = (
			);
			dependencies = (
				AA4A1D542483F924003A1AB6 /* PBXTargetDependency */,
			);
			name = "IO CheckTests";
			productName = "IO CheckTests";
			productReference = AA4A1D522483F924003A1AB6 /* IO CheckTests.xctest */;
			productType = "com.apple.product-type.bundle.unit-test";
		};
		AA4A1D5C2483F924003A1AB6 /* IO CheckUITests */ = {
			isa = PBXNativeTarget;
			buildConfigurationList = AA4A1D6C2483F924003A1AB6 /* Build configuration list for PBXNativeTarget "IO CheckUITests" */;
			buildPhases = (
				AA4A1D592483F924003A1AB6 /* Sources */,
				AA4A1D5A2483F924003A1AB6 /* Frameworks */,
				AA4A1D5B2483F924003A1AB6 /* Resources */,
			);
			buildRules = (
			);
			dependencies = (
				AA4A1D5F2483F924003A1AB6 /* PBXTargetDependency */,
			);
			name = "IO CheckUITests";
			productName = "IO CheckUITests";
			productReference = AA4A1D5D2483F924003A1AB6 /* IO CheckUITests.xctest */;
			productType = "com.apple.product-type.bundle.ui-testing";
		};
/* End PBXNativeTarget section */

/* Begin PBXProject section */
		AA4A1D342483F91F003A1AB6 /* Project object */ = {
			isa = PBXProject;
			attributes = {
				LastSwiftUpdateCheck = 1130;
				LastUpgradeCheck = 1130;
				ORGANIZATIONNAME = sandro;
				TargetAttributes = {
					AA4A1D3B2483F91F003A1AB6 = {
						CreatedOnToolsVersion = 11.3;
					};
					AA4A1D512483F924003A1AB6 = {
						CreatedOnToolsVersion = 11.3;
						TestTargetID = AA4A1D3B2483F91F003A1AB6;
					};
					AA4A1D5C2483F924003A1AB6 = {
						CreatedOnToolsVersion = 11.3;
						TestTargetID = AA4A1D3B2483F91F003A1AB6;
					};
				};
			};
			buildConfigurationList = AA4A1D372483F91F003A1AB6 /* Build configuration list for PBXProject "IO Check" */;
			compatibilityVersion = "Xcode 9.3";
			developmentRegion = en;
			hasScannedForEncodings = 0;
			knownRegions = (
				en,
				Base,
			);
			mainGroup = AA4A1D332483F91F003A1AB6;
			productRefGroup = AA4A1D3D2483F91F003A1AB6 /* Products */;
			projectDirPath = "";
			projectRoot = "";
			targets = (
				AA4A1D3B2483F91F003A1AB6 /* IO Check */,
				AA4A1D512483F924003A1AB6 /* IO CheckTests */,
				AA4A1D5C2483F924003A1AB6 /* IO CheckUITests */,
			);
		};
/* End PBXProject section */

/* Begin PBXResourcesBuildPhase section */
		AA4A1D3A2483F91F003A1AB6 /* Resources */ = {
			isa = PBXResourcesBuildPhase;
			buildActionMask = 2147483647;
			files = (
				AA4A1D4C2483F924003A1AB6 /* LaunchScreen.storyboard in Resources */,
				AA4A1D492483F924003A1AB6 /* Preview Assets.xcassets in Resources */,
				AA4A1D462483F924003A1AB6 /* Assets.xcassets in Resources */,
			);
			runOnlyForDeploymentPostprocessing = 0;
		};
		AA4A1D502483F924003A1AB6 /* Resources */ = {
			isa = PBXResourcesBuildPhase;
			buildActionMask = 2147483647;
			files = (
			);
			runOnlyForDeploymentPostprocessing = 0;
		};
		AA4A1D5B2483F924003A1AB6 /* Resources */ = {
			isa = PBXResourcesBuildPhase;
			buildActionMask = 2147483647;
			files = (
			);
			runOnlyForDeploymentPostprocessing = 0;
		};
/* End PBXResourcesBuildPhase section */

/* Begin PBXSourcesBuildPhase section */
		AA4A1D382483F91F003A1AB6 /* Sources */ = {
			isa = PBXSourcesBuildPhase;
			buildActionMask = 2147483647;
			files = (
				AA39070E2487F69100AA3E5B /* Enums.swift in Sources */,
				AA34AE24248588BD00B8CD53 /* Corruption.swift in Sources */,
				AA34AE222485889B00B8CD53 /* Gear.swift in Sources */,
				AA4A1D402483F91F003A1AB6 /* AppDelegate.swift in Sources */,
				AA34AE1E2485866E00B8CD53 /* Item.swift in Sources */,
				AA4A1D422483F91F003A1AB6 /* SceneDelegate.swift in Sources */,
				AA39070C2487EC1000AA3E5B /* Guild.swift in Sources */,
				AA4A1D442483F91F003A1AB6 /* ContentView.swift in Sources */,
				AA39070624869C7700AA3E5B /* CharacterView.swift in Sources */,
				AA39070424869C6600AA3E5B /* CharacterVM.swift in Sources */,
				AA34AE2624858DEB00B8CD53 /* Rank.swift in Sources */,
				AA34AE202485884700B8CD53 /* Season.swift in Sources */,
				AA3907022486905700AA3E5B /* Webservice.swift in Sources */,
				AA34AE1C2485803400B8CD53 /* Character.swift in Sources */,
				AA39070A2486A4C100AA3E5B /* ImageView.swift in Sources */,
				AA3907082486A46400AA3E5B /* ImageLoader.swift in Sources */,
			);
			runOnlyForDeploymentPostprocessing = 0;
		};
		AA4A1D4E2483F924003A1AB6 /* Sources */ = {
			isa = PBXSourcesBuildPhase;
			buildActionMask = 2147483647;
			files = (
				AA4A1D572483F924003A1AB6 /* IO_CheckTests.swift in Sources */,
			);
			runOnlyForDeploymentPostprocessing = 0;
		};
		AA4A1D592483F924003A1AB6 /* Sources */ = {
			isa = PBXSourcesBuildPhase;
			buildActionMask = 2147483647;
			files = (
				AA4A1D622483F924003A1AB6 /* IO_CheckUITests.swift in Sources */,
			);
			runOnlyForDeploymentPostprocessing = 0;
		};
/* End PBXSourcesBuildPhase section */

/* Begin PBXTargetDependency section */
		AA4A1D542483F924003A1AB6 /* PBXTargetDependency */ = {
			isa = PBXTargetDependency;
			target = AA4A1D3B2483F91F003A1AB6 /* IO Check */;
			targetProxy = AA4A1D532483F924003A1AB6 /* PBXContainerItemProxy */;
		};
		AA4A1D5F2483F924003A1AB6 /* PBXTargetDependency */ = {
			isa = PBXTargetDependency;
			target = AA4A1D3B2483F91F003A1AB6 /* IO Check */;
			targetProxy = AA4A1D5E2483F924003A1AB6 /* PBXContainerItemProxy */;
		};
/* End PBXTargetDependency section */

/* Begin PBXVariantGroup section */
		AA4A1D4A2483F924003A1AB6 /* LaunchScreen.storyboard */ = {
			isa = PBXVariantGroup;
			children = (
				AA4A1D4B2483F924003A1AB6 /* Base */,
			);
			name = LaunchScreen.storyboard;
			sourceTree = "<group>";
		};
/* End PBXVariantGroup section */

/* Begin XCBuildConfiguration section */
		AA4A1D642483F924003A1AB6 /* Debug */ = {
			isa = XCBuildConfiguration;
			buildSettings = {
				ALWAYS_SEARCH_USER_PATHS = NO;
				CLANG_ANALYZER_NONNULL = YES;
				CLANG_ANALYZER_NUMBER_OBJECT_CONVERSION = YES_AGGRESSIVE;
				CLANG_CXX_LANGUAGE_STANDARD = "gnu++14";
				CLANG_CXX_LIBRARY = "libc++";
				CLANG_ENABLE_MODULES = YES;
				CLANG_ENABLE_OBJC_ARC = YES;
				CLANG_ENABLE_OBJC_WEAK = YES;
				CLANG_WARN_BLOCK_CAPTURE_AUTORELEASING = YES;
				CLANG_WARN_BOOL_CONVERSION = YES;
				CLANG_WARN_COMMA = YES;
				CLANG_WARN_CONSTANT_CONVERSION = YES;
				CLANG_WARN_DEPRECATED_OBJC_IMPLEMENTATIONS = YES;
				CLANG_WARN_DIRECT_OBJC_ISA_USAGE = YES_ERROR;
				CLANG_WARN_DOCUMENTATION_COMMENTS = YES;
				CLANG_WARN_EMPTY_BODY = YES;
				CLANG_WARN_ENUM_CONVERSION = YES;
				CLANG_WARN_INFINITE_RECURSION = YES;
				CLANG_WARN_INT_CONVERSION = YES;
				CLANG_WARN_NON_LITERAL_NULL_CONVERSION = YES;
				CLANG_WARN_OBJC_IMPLICIT_RETAIN_SELF = YES;
				CLANG_WARN_OBJC_LITERAL_CONVERSION = YES;
				CLANG_WARN_OBJC_ROOT_CLASS = YES_ERROR;
				CLANG_WARN_RANGE_LOOP_ANALYSIS = YES;
				CLANG_WARN_STRICT_PROTOTYPES = YES;
				CLANG_WARN_SUSPICIOUS_MOVE = YES;
				CLANG_WARN_UNGUARDED_AVAILABILITY = YES_AGGRESSIVE;
				CLANG_WARN_UNREACHABLE_CODE = YES;
				CLANG_WARN__DUPLICATE_METHOD_MATCH = YES;
				COPY_PHASE_STRIP = NO;
				DEBUG_INFORMATION_FORMAT = dwarf;
				ENABLE_STRICT_OBJC_MSGSEND = YES;
				ENABLE_TESTABILITY = YES;
				GCC_C_LANGUAGE_STANDARD = gnu11;
				GCC_DYNAMIC_NO_PIC = NO;
				GCC_NO_COMMON_BLOCKS = YES;
				GCC_OPTIMIZATION_LEVEL = 0;
				GCC_PREPROCESSOR_DEFINITIONS = (
					"DEBUG=1",
					"$(inherited)",
				);
				GCC_WARN_64_TO_32_BIT_CONVERSION = YES;
				GCC_WARN_ABOUT_RETURN_TYPE = YES_ERROR;
				GCC_WARN_UNDECLARED_SELECTOR = YES;
				GCC_WARN_UNINITIALIZED_AUTOS = YES_AGGRESSIVE;
				GCC_WARN_UNUSED_FUNCTION = YES;
				GCC_WARN_UNUSED_VARIABLE = YES;
				IPHONEOS_DEPLOYMENT_TARGET = 13.2;
				MTL_ENABLE_DEBUG_INFO = INCLUDE_SOURCE;
				MTL_FAST_MATH = YES;
				ONLY_ACTIVE_ARCH = YES;
				SDKROOT = iphoneos;
				SWIFT_ACTIVE_COMPILATION_CONDITIONS = DEBUG;
				SWIFT_OPTIMIZATION_LEVEL = "-Onone";
			};
			name = Debug;
		};
		AA4A1D652483F924003A1AB6 /* Release */ = {
			isa = XCBuildConfiguration;
			buildSettings = {
				ALWAYS_SEARCH_USER_PATHS = NO;
				CLANG_ANALYZER_NONNULL = YES;
				CLANG_ANALYZER_NUMBER_OBJECT_CONVERSION = YES_AGGRESSIVE;
				CLANG_CXX_LANGUAGE_STANDARD = "gnu++14";
				CLANG_CXX_LIBRARY = "libc++";
				CLANG_ENABLE_MODULES = YES;
				CLANG_ENABLE_OBJC_ARC = YES;
				CLANG_ENABLE_OBJC_WEAK = YES;
				CLANG_WARN_BLOCK_CAPTURE_AUTORELEASING = YES;
				CLANG_WARN_BOOL_CONVERSION = YES;
				CLANG_WARN_COMMA = YES;
				CLANG_WARN_CONSTANT_CONVERSION = YES;
				CLANG_WARN_DEPRECATED_OBJC_IMPLEMENTATIONS = YES;
				CLANG_WARN_DIRECT_OBJC_ISA_USAGE = YES_ERROR;
				CLANG_WARN_DOCUMENTATION_COMMENTS = YES;
				CLANG_WARN_EMPTY_BODY = YES;
				CLANG_WARN_ENUM_CONVERSION = YES;
				CLANG_WARN_INFINITE_RECURSION = YES;
				CLANG_WARN_INT_CONVERSION = YES;
				CLANG_WARN_NON_LITERAL_NULL_CONVERSION = YES;
				CLANG_WARN_OBJC_IMPLICIT_RETAIN_SELF = YES;
				CLANG_WARN_OBJC_LITERAL_CONVERSION = YES;
				CLANG_WARN_OBJC_ROOT_CLASS = YES_ERROR;
				CLANG_WARN_RANGE_LOOP_ANALYSIS = YES;
				CLANG_WARN_STRICT_PROTOTYPES = YES;
				CLANG_WARN_SUSPICIOUS_MOVE = YES;
				CLANG_WARN_UNGUARDED_AVAILABILITY = YES_AGGRESSIVE;
				CLANG_WARN_UNREACHABLE_CODE = YES;
				CLANG_WARN__DUPLICATE_METHOD_MATCH = YES;
				COPY_PHASE_STRIP = NO;
				DEBUG_INFORMATION_FORMAT = "dwarf-with-dsym";
				ENABLE_NS_ASSERTIONS = NO;
				ENABLE_STRICT_OBJC_MSGSEND = YES;
				GCC_C_LANGUAGE_STANDARD = gnu11;
				GCC_NO_COMMON_BLOCKS = YES;
				GCC_WARN_64_TO_32_BIT_CONVERSION = YES;
				GCC_WARN_ABOUT_RETURN_TYPE = YES_ERROR;
				GCC_WARN_UNDECLARED_SELECTOR = YES;
				GCC_WARN_UNINITIALIZED_AUTOS = YES_AGGRESSIVE;
				GCC_WARN_UNUSED_FUNCTION = YES;
				GCC_WARN_UNUSED_VARIABLE = YES;
				IPHONEOS_DEPLOYMENT_TARGET = 13.2;
				MTL_ENABLE_DEBUG_INFO = NO;
				MTL_FAST_MATH = YES;
				SDKROOT = iphoneos;
				SWIFT_COMPILATION_MODE = wholemodule;
				SWIFT_OPTIMIZATION_LEVEL = "-O";
				VALIDATE_PRODUCT = YES;
			};
			name = Release;
		};
		AA4A1D672483F924003A1AB6 /* Debug */ = {
			isa = XCBuildConfiguration;
			buildSettings = {
				ASSETCATALOG_COMPILER_APPICON_NAME = AppIcon;
				CODE_SIGN_STYLE = Automatic;
				DEVELOPMENT_ASSET_PATHS = "\"IO Check/Preview Content\"";
				DEVELOPMENT_TEAM = 7X3B669663;
				ENABLE_PREVIEWS = YES;
				INFOPLIST_FILE = "IO Check/Info.plist";
				LD_RUNPATH_SEARCH_PATHS = (
					"$(inherited)",
					"@executable_path/Frameworks",
				);
				PRODUCT_BUNDLE_IDENTIFIER = "sandro.IO-Check";
				PRODUCT_NAME = "$(TARGET_NAME)";
				SWIFT_VERSION = 5.0;
				TARGETED_DEVICE_FAMILY = "1,2";
			};
			name = Debug;
		};
		AA4A1D682483F924003A1AB6 /* Release */ = {
			isa = XCBuildConfiguration;
			buildSettings = {
				ASSETCATALOG_COMPILER_APPICON_NAME = AppIcon;
				CODE_SIGN_STYLE = Automatic;
				DEVELOPMENT_ASSET_PATHS = "\"IO Check/Preview Content\"";
				DEVELOPMENT_TEAM = 7X3B669663;
				ENABLE_PREVIEWS = YES;
				INFOPLIST_FILE = "IO Check/Info.plist";
				LD_RUNPATH_SEARCH_PATHS = (
					"$(inherited)",
					"@executable_path/Frameworks",
				);
				PRODUCT_BUNDLE_IDENTIFIER = "sandro.IO-Check";
				PRODUCT_NAME = "$(TARGET_NAME)";
				SWIFT_VERSION = 5.0;
				TARGETED_DEVICE_FAMILY = "1,2";
			};
			name = Release;
		};
		AA4A1D6A2483F924003A1AB6 /* Debug */ = {
			isa = XCBuildConfiguration;
			buildSettings = {
				ALWAYS_EMBED_SWIFT_STANDARD_LIBRARIES = YES;
				BUNDLE_LOADER = "$(TEST_HOST)";
				CODE_SIGN_STYLE = Automatic;
				DEVELOPMENT_TEAM = 7X3B669663;
				INFOPLIST_FILE = "IO CheckTests/Info.plist";
				IPHONEOS_DEPLOYMENT_TARGET = 13.2;
				LD_RUNPATH_SEARCH_PATHS = (
					"$(inherited)",
					"@executable_path/Frameworks",
					"@loader_path/Frameworks",
				);
				PRODUCT_BUNDLE_IDENTIFIER = "sandro.IO-CheckTests";
				PRODUCT_NAME = "$(TARGET_NAME)";
				SWIFT_VERSION = 5.0;
				TARGETED_DEVICE_FAMILY = "1,2";
				TEST_HOST = "$(BUILT_PRODUCTS_DIR)/IO Check.app/IO Check";
			};
			name = Debug;
		};
		AA4A1D6B2483F924003A1AB6 /* Release */ = {
			isa = XCBuildConfiguration;
			buildSettings = {
				ALWAYS_EMBED_SWIFT_STANDARD_LIBRARIES = YES;
				BUNDLE_LOADER = "$(TEST_HOST)";
				CODE_SIGN_STYLE = Automatic;
				DEVELOPMENT_TEAM = 7X3B669663;
				INFOPLIST_FILE = "IO CheckTests/Info.plist";
				IPHONEOS_DEPLOYMENT_TARGET = 13.2;
				LD_RUNPATH_SEARCH_PATHS = (
					"$(inherited)",
					"@executable_path/Frameworks",
					"@loader_path/Frameworks",
				);
				PRODUCT_BUNDLE_IDENTIFIER = "sandro.IO-CheckTests";
				PRODUCT_NAME = "$(TARGET_NAME)";
				SWIFT_VERSION = 5.0;
				TARGETED_DEVICE_FAMILY = "1,2";
				TEST_HOST = "$(BUILT_PRODUCTS_DIR)/IO Check.app/IO Check";
			};
			name = Release;
		};
		AA4A1D6D2483F924003A1AB6 /* Debug */ = {
			isa = XCBuildConfiguration;
			buildSettings = {
				ALWAYS_EMBED_SWIFT_STANDARD_LIBRARIES = YES;
				CODE_SIGN_STYLE = Automatic;
				DEVELOPMENT_TEAM = 7X3B669663;
				INFOPLIST_FILE = "IO CheckUITests/Info.plist";
				LD_RUNPATH_SEARCH_PATHS = (
					"$(inherited)",
					"@executable_path/Frameworks",
					"@loader_path/Frameworks",
				);
				PRODUCT_BUNDLE_IDENTIFIER = "sandro.IO-CheckUITests";
				PRODUCT_NAME = "$(TARGET_NAME)";
				SWIFT_VERSION = 5.0;
				TARGETED_DEVICE_FAMILY = "1,2";
				TEST_TARGET_NAME = "IO Check";
			};
			name = Debug;
		};
		AA4A1D6E2483F924003A1AB6 /* Release */ = {
			isa = XCBuildConfiguration;
			buildSettings = {
				ALWAYS_EMBED_SWIFT_STANDARD_LIBRARIES = YES;
				CODE_SIGN_STYLE = Automatic;
				DEVELOPMENT_TEAM = 7X3B669663;
				INFOPLIST_FILE = "IO CheckUITests/Info.plist";
				LD_RUNPATH_SEARCH_PATHS = (
					"$(inherited)",
					"@executable_path/Frameworks",
					"@loader_path/Frameworks",
				);
				PRODUCT_BUNDLE_IDENTIFIER = "sandro.IO-CheckUITests";
				PRODUCT_NAME = "$(TARGET_NAME)";
				SWIFT_VERSION = 5.0;
				TARGETED_DEVICE_FAMILY = "1,2";
				TEST_TARGET_NAME = "IO Check";
			};
			name = Release;
		};
/* End XCBuildConfiguration section */

/* Begin XCConfigurationList section */
		AA4A1D372483F91F003A1AB6 /* Build configuration list for PBXProject "IO Check" */ = {
			isa = XCConfigurationList;
			buildConfigurations = (
				AA4A1D642483F924003A1AB6 /* Debug */,
				AA4A1D652483F924003A1AB6 /* Release */,
			);
			defaultConfigurationIsVisible = 0;
			defaultConfigurationName = Release;
		};
		AA4A1D662483F924003A1AB6 /* Build configuration list for PBXNativeTarget "IO Check" */ = {
			isa = XCConfigurationList;
			buildConfigurations = (
				AA4A1D672483F924003A1AB6 /* Debug */,
				AA4A1D682483F924003A1AB6 /* Release */,
			);
			defaultConfigurationIsVisible = 0;
			defaultConfigurationName = Release;
		};
		AA4A1D692483F924003A1AB6 /* Build configuration list for PBXNativeTarget "IO CheckTests" */ = {
			isa = XCConfigurationList;
			buildConfigurations = (
				AA4A1D6A2483F924003A1AB6 /* Debug */,
				AA4A1D6B2483F924003A1AB6 /* Release */,
			);
			defaultConfigurationIsVisible = 0;
			defaultConfigurationName = Release;
		};
		AA4A1D6C2483F924003A1AB6 /* Build configuration list for PBXNativeTarget "IO CheckUITests" */ = {
			isa = XCConfigurationList;
			buildConfigurations = (
				AA4A1D6D2483F924003A1AB6 /* Debug */,
				AA4A1D6E2483F924003A1AB6 /* Release */,
			);
			defaultConfigurationIsVisible = 0;
			defaultConfigurationName = Release;
		};
/* End XCConfigurationList section */
	};
	rootObject = AA4A1D342483F91F003A1AB6 /* Project object */;
}
